
Microsoft Visual Studio Solution File, Format Version 12.00
# Visual Studio Version 17
VisualStudioVersion = 17.8.34330.188
MinimumVisualStudioVersion = 10.0.40219.1
Project("{9A19103F-16F7-4668-BE54-9A1E7A4F7556}") = "ControleDeVinil.Web", "ControleDeVinil.Web\ControleDeVinil.Web.csproj", "{5B5D240A-2956-4C61-B5B5-4E06B67B1C53}"
EndProject
Project("{9A19103F-16F7-4668-BE54-9A1E7A4F7556}") = "ControleDeVinil.Shared.Dados", "ControleDeVinil.Shared.Dados\ControleDeVinil.Shared.Dados.csproj", "{9BAF2A83-81E2-4C0F-81B7-31C28CB7A68E}"
EndProject
Project("{9A19103F-16F7-4668-BE54-9A1E7A4F7556}") = "ControleDeVinil.Shared.Modelos", "ControleDeVinil.Shared.Modelos\ControleDeVinil.Shared.Modelos.csproj", "{15C29B24-5AA7-4463-A211-91882B38A6F6}"
EndProject
Project("{9A19103F-16F7-4668-BE54-9A1E7A4F7556}") = "ControleDeVinil.WabApi", "ControleDeVinil.WabApi\ControleDeVinil.WabApi.csproj", "{58C7C13B-0E38-4BC3-863E-F94585559CEF}"
EndProject
Project("{9A19103F-16F7-4668-BE54-9A1E7A4F7556}") = "ControleDeVinil.WebApi", "ControleDeVinil.WebApi\ControleDeVinil.WebApi.csproj", "{595B2AF4-1F36-48AB-BB21-1B6333B5FD22}"
EndProject
Project("{FAE04EC0-301F-11D3-BF4B-00C04F79EFBC}") = "WebChat", "WebChat\WebChat.csproj", "{540C19A5-5964-48D9-A4FC-595126C47ABE}"
EndProject
Global
	GlobalSection(SolutionConfigurationPlatforms) = preSolution
		Debug|Any CPU = Debug|Any CPU
		Release|Any CPU = Release|Any CPU
	EndGlobalSection
	GlobalSection(ProjectConfigurationPlatforms) = postSolution
		{5B5D240A-2956-4C61-B5B5-4E06B67B1C53}.Debug|Any CPU.ActiveCfg = Debug|Any CPU
		{5B5D240A-2956-4C61-B5B5-4E06B67B1C53}.Debug|Any CPU.Build.0 = Debug|Any CPU
		{5B5D240A-2956-4C61-B5B5-4E06B67B1C53}.Release|Any CPU.ActiveCfg = Release|Any CPU
		{5B5D240A-2956-4C61-B5B5-4E06B67B1C53}.Release|Any CPU.Build.0 = Release|Any CPU
		{9BAF2A83-81E2-4C0F-81B7-31C28CB7A68E}.Debug|Any CPU.ActiveCfg = Debug|Any CPU
		{9BAF2A83-81E2-4C0F-81B7-31C28CB7A68E}.Debug|Any CPU.Build.0 = Debug|Any CPU
		{9BAF2A83-81E2-4C0F-81B7-31C28CB7A68E}.Release|Any CPU.ActiveCfg = Release|Any CPU
		{9BAF2A83-81E2-4C0F-81B7-31C28CB7A68E}.Release|Any CPU.Build.0 = Release|Any CPU
		{15C29B24-5AA7-4463-A211-91882B38A6F6}.Debug|Any CPU.ActiveCfg = Debug|Any CPU
		{15C29B24-5AA7-4463-A211-91882B38A6F6}.Debug|Any CPU.Build.0 = Debug|Any CPU
		{15C29B24-5AA7-4463-A211-91882B38A6F6}.Release|Any CPU.ActiveCfg = Release|Any CPU
		{15C29B24-5AA7-4463-A211-91882B38A6F6}.Release|Any CPU.Build.0 = Release|Any CPU
		{58C7C13B-0E38-4BC3-863E-F94585559CEF}.Debug|Any CPU.ActiveCfg = Debug|Any CPU
		{58C7C13B-0E38-4BC3-863E-F94585559CEF}.Debug|Any CPU.Build.0 = Debug|Any CPU
		{58C7C13B-0E38-4BC3-863E-F94585559CEF}.Release|Any CPU.ActiveCfg = Release|Any CPU
		{58C7C13B-0E38-4BC3-863E-F94585559CEF}.Release|Any CPU.Build.0 = Release|Any CPU
		{595B2AF4-1F36-48AB-BB21-1B6333B5FD22}.Debug|Any CPU.ActiveCfg = Debug|Any CPU
		{595B2AF4-1F36-48AB-BB21-1B6333B5FD22}.Debug|Any CPU.Build.0 = Debug|Any CPU
		{595B2AF4-1F36-48AB-BB21-1B6333B5FD22}.Release|Any CPU.ActiveCfg = Release|Any CPU
		{595B2AF4-1F36-48AB-BB21-1B6333B5FD22}.Release|Any CPU.Build.0 = Release|Any CPU
		{540C19A5-5964-48D9-A4FC-595126C47ABE}.Debug|Any CPU.ActiveCfg = Debug|Any CPU
		{540C19A5-5964-48D9-A4FC-595126C47ABE}.Debug|Any CPU.Build.0 = Debug|Any CPU
		{540C19A5-5964-48D9-A4FC-595126C47ABE}.Release|Any CPU.ActiveCfg = Release|Any CPU
		{540C19A5-5964-48D9-A4FC-595126C47ABE}.Release|Any CPU.Build.0 = Release|Any CPU
	EndGlobalSection
	GlobalSection(SolutionProperties) = preSolution
		HideSolutionNode = FALSE
	EndGlobalSection
	GlobalSection(ExtensibilityGlobals) = postSolution
		SolutionGuid = {E213AA8C-7ECE-4A07-868F-48D471D1F99C}
	EndGlobalSection
EndGlobal
